
Microsoft Visual Studio Solution File, Format Version 12.00
# Visual Studio 15
VisualStudioVersion = 15.0.27428.2037
MinimumVisualStudioVersion = 10.0.40219.1
Project("{FAE04EC0-301F-11D3-BF4B-00C04F79EFBC}") = "KillKenny", "KillKenny\KillKenny.csproj", "{20E97997-2029-4E4E-88A4-893E825368CD}"
EndProject
Global
	GlobalSection(SolutionConfigurationPlatforms) = preSolution
		Debug|Any CPU = Debug|Any CPU
		Release|Any CPU = Release|Any CPU
	EndGlobalSection
	GlobalSection(ProjectConfigurationPlatforms) = postSolution
		{20E97997-2029-4E4E-88A4-893E825368CD}.Debug|Any CPU.ActiveCfg = Debug|Any CPU
		{20E97997-2029-4E4E-88A4-893E825368CD}.Debug|Any CPU.Build.0 = Debug|Any CPU
		{20E97997-2029-4E4E-88A4-893E825368CD}.Release|Any CPU.ActiveCfg = Release|Any CPU
		{20E97997-2029-4E4E-88A4-893E825368CD}.Release|Any CPU.Build.0 = Release|Any CPU
	EndGlobalSection
	GlobalSection(SolutionProperties) = preSolution
		HideSolutionNode = FALSE
	EndGlobalSection
	GlobalSection(ExtensibilityGlobals) = postSolution
		SolutionGuid = {C1D030EC-35C9-47D8-8055-5F458A81E1DE}
	EndGlobalSection
EndGlobal
